
Microsoft Visual Studio Solution File, Format Version 12.00
# Visual Studio 2013
VisualStudioVersion = 12.0.21005.1
MinimumVisualStudioVersion = 10.0.40219.1
Project("{8BC9CEB8-8B4A-11D0-8D11-00A0C91BC942}") = "程設實習2 HW5", "程設實習2 HW5\程設實習2 HW5.vcxproj", "{63C3D256-55D0-45B5-A0E3-393F6F1E98C9}"
EndProject
Global
	GlobalSection(SolutionConfigurationPlatforms) = preSolution
		Debug|Win32 = Debug|Win32
		Release|Win32 = Release|Win32
	EndGlobalSection
	GlobalSection(ProjectConfigurationPlatforms) = postSolution
		{63C3D256-55D0-45B5-A0E3-393F6F1E98C9}.Debug|Win32.ActiveCfg = Debug|Win32
		{63C3D256-55D0-45B5-A0E3-393F6F1E98C9}.Debug|Win32.Build.0 = Debug|Win32
		{63C3D256-55D0-45B5-A0E3-393F6F1E98C9}.Release|Win32.ActiveCfg = Release|Win32
		{63C3D256-55D0-45B5-A0E3-393F6F1E98C9}.Release|Win32.Build.0 = Release|Win32
	EndGlobalSection
	GlobalSection(SolutionProperties) = preSolution
		HideSolutionNode = FALSE
	EndGlobalSection
EndGlobal
